{
  "lockfileVersion": 1,
  "configVersion": 1,
  "workspaces": {
    "": {
      "name": "bun-sqlite-erp-poc",
      "dependencies": {
        "@langchain/core": "^1.2.3",
        "@langchain/openai": "^1.5.5",
        "grammy": "^1.44.0",
      },
      "devDependencies": {
        "@types/bun": "latest",
      },
    },
  },
  "packages": {
    "@cfworker/json-schema": ["@cfworker/json-schema@4.1.1", "https://artifacts.ea.com/artifactory/api/npm/registry-npm-remote/@cfworker/json-schema/-/json-schema-4.1.1.tgz", {}, "sha512-gAmrUZSGtKc3AiBL71iNWxDsyUC5uMaKKGdvzYsBoTW/xi42JQHl7eKV2OYzCUqvc+D2RCcf7EXY2iCyFIk6og=="],

    "@grammyjs/types": ["@grammyjs/types@3.28.0", "https://artifacts.ea.com/artifactory/api/npm/registry-npm-remote/@grammyjs/types/-/types-3.28.0.tgz", {}, "sha512-4JvXCdxRZHCje0M4gHzLwtB4bLno3WD28xd8CNfk4POWIu73BFnSvGeW6OQ5gPem4eYTEwkD9yDaXssixl6tMQ=="],

    "@langchain/core": ["@langchain/core@1.2.3", "https://artifacts.ea.com/artifactory/api/npm/registry-npm-remote/@langchain/core/-/core-1.2.3.tgz", { "dependencies": { "@cfworker/json-schema": "^4.0.2", "@standard-schema/spec": "^1.1.0", "js-tiktoken": "^1.0.12", "langsmith": ">=0.5.0 <1.0.0", "mustache": "^4.2.0", "p-queue": "^6.6.2", "zod": "^3.25.76 || ^4" } }, "sha512-F+L5SsciykwDl7eDxacnhDTcWe1IF6jetzfkvI5PPfq6ogWHO7xcjU90SGh/3lqbbS0tgun+qF01KIqxawrCsA=="],

    "@langchain/openai": ["@langchain/openai@1.5.5", "https://artifacts.ea.com/artifactory/api/npm/registry-npm-remote/@langchain/openai/-/openai-1.5.5.tgz", { "dependencies": { "js-tiktoken": "^1.0.12", "openai": "^6.41.0", "zod": "^3.25.76 || ^4" }, "peerDependencies": { "@langchain/core": "^1.2.2" } }, "sha512-wX7dwb9z4nf5FHXlIl/X2mk08pzonvRHCt1D4+s1zXLP0duYDC95j7dulPIQJ6fmhbyYQc9Ki8mEhY/D1lB8kw=="],

    "@standard-schema/spec": ["@standard-schema/spec@1.1.0", "https://artifacts.ea.com/artifactory/api/npm/registry-npm-remote/@standard-schema/spec/-/spec-1.1.0.tgz", {}, "sha512-l2aFy5jALhniG5HgqrD6jXLi/rUWrKvqN/qJx6yoJsgKhblVd+iqqU4RCXavm/jPityDo5TCvKMnpjKnOriy0w=="],

    "@types/bun": ["@types/bun@1.3.14", "https://artifacts.ea.com/artifactory/api/npm/registry-npm-remote/@types/bun/-/bun-1.3.14.tgz", { "dependencies": { "bun-types": "1.3.14" } }, "sha512-h1hFqFVcvAvD9j9K7ZW7vd82aSA+rTdznZa+5bwvCwqSB1jmmfLcbIWhOLx1/+boy/xmjgCs/OMUL8hRJSmnPw=="],

    "@types/node": ["@types/node@26.1.1", "https://artifacts.ea.com/artifactory/api/npm/registry-npm-remote/@types/node/-/node-26.1.1.tgz", { "dependencies": { "undici-types": "~8.3.0" } }, "sha512-nxAkRSVkN1Y0JC1W8ky/fTfkGsMmcrRsbx+3XoZE+rMOX71kLYTV7fLXpqud1GpbpP5TuffXFqfX7fH2GgZREw=="],

    "abort-controller": ["abort-controller@3.0.0", "https://artifacts.ea.com/artifactory/api/npm/registry-npm-remote/abort-controller/-/abort-controller-3.0.0.tgz", { "dependencies": { "event-target-shim": "^5.0.0" } }, "sha512-h8lQ8tacZYnR3vNQTgibj+tODHI5/+l06Au2Pcriv/Gmet0eaj4TwWH41sO9wnHDiQsEj19q0drzdWdeAHtweg=="],

    "base64-js": ["base64-js@1.5.1", "https://artifacts.ea.com/artifactory/api/npm/registry-npm-remote/base64-js/-/base64-js-1.5.1.tgz", {}, "sha512-AKpaYlHn8t4SVbOHCy+b5+KKgvR4vrsD8vbvrbiQJps7fKDTkjkDry6ji0rUJjC0kzbNePLwzxq8iypo41qeWA=="],

    "bun-types": ["bun-types@1.3.14", "https://artifacts.ea.com/artifactory/api/npm/registry-npm-remote/bun-types/-/bun-types-1.3.14.tgz", { "dependencies": { "@types/node": "*" } }, "sha512-4N0ig0fEomHt5R0KCFWjovxow98rIoRwKolrYdCcknNwMekCXRnWEUvgu5soYV8QXtVsrUD8B95MBOZGPvr6KQ=="],

    "debug": ["debug@4.4.3", "https://artifacts.ea.com/artifactory/api/npm/registry-npm-remote/debug/-/debug-4.4.3.tgz", { "dependencies": { "ms": "^2.1.3" }, "peerDependencies": { "supports-color": "*" }, "optionalPeers": ["supports-color"] }, "sha512-RGwwWnwQvkVfavKVt22FGLw+xYSdzARwm0ru6DhTVA3umU5hZc28V3kO4stgYryrTlLpuvgI9GiijltAjNbcqA=="],

    "event-target-shim": ["event-target-shim@5.0.1", "https://artifacts.ea.com/artifactory/api/npm/registry-npm-remote/event-target-shim/-/event-target-shim-5.0.1.tgz", {}, "sha512-i/2XbnSz/uxRCU6+NdVJgKWDTM427+MqYbkQzD321DuCQJUqOuJKIA0IM2+W2xtYHdKOmZ4dR6fExsd4SXL+WQ=="],

    "eventemitter3": ["eventemitter3@4.0.7", "https://artifacts.ea.com/artifactory/api/npm/registry-npm-remote/eventemitter3/-/eventemitter3-4.0.7.tgz", {}, "sha512-8guHBZCwKnFhYdHr2ysuRWErTwhoN2X8XELRlrRwpmfeY2jjuUN4taQMsULKUVo1K4DvZl+0pgfyoysHxvmvEw=="],

    "grammy": ["grammy@1.44.0", "https://artifacts.ea.com/artifactory/api/npm/registry-npm-remote/grammy/-/grammy-1.44.0.tgz", { "dependencies": { "@grammyjs/types": "3.28.0", "abort-controller": "^3.0.0", "debug": "^4.4.3", "node-fetch": "^2.7.0" } }, "sha512-gGVykS5+c5f1tPV97LuU6IDRMawE2NzpwM9pNz58HQ35IZXDnYL3VOLvNzYognPSeBIOSzQXRu5w96V0aY8y8A=="],

    "js-tiktoken": ["js-tiktoken@1.0.21", "https://artifacts.ea.com/artifactory/api/npm/registry-npm-remote/js-tiktoken/-/js-tiktoken-1.0.21.tgz", { "dependencies": { "base64-js": "^1.5.1" } }, "sha512-biOj/6M5qdgx5TKjDnFT1ymSpM5tbd3ylwDtrQvFQSu0Z7bBYko2dF+W/aUkXUPuk6IVpRxk/3Q2sHOzGlS36g=="],

    "langsmith": ["langsmith@0.8.3", "https://artifacts.ea.com/artifactory/api/npm/registry-npm-remote/langsmith/-/langsmith-0.8.3.tgz", { "dependencies": { "p-queue": "6.6.2" }, "peerDependencies": { "@opentelemetry/api": "*", "@opentelemetry/exporter-trace-otlp-proto": "*", "@opentelemetry/sdk-trace-base": "*", "openai": "*", "ws": ">=7" }, "optionalPeers": ["@opentelemetry/api", "@opentelemetry/exporter-trace-otlp-proto", "@opentelemetry/sdk-trace-base", "openai", "ws"] }, "sha512-3y1PRTmY24wiN8NiMb0CcNI2LwgovsKAz+ymVmBSmUx4nXL+GlmPY6Ju7FGeaPV1DMfQs9SjceNZHIfY2XYMKQ=="],

    "ms": ["ms@2.1.3", "https://artifacts.ea.com/artifactory/api/npm/registry-npm-remote/ms/-/ms-2.1.3.tgz", {}, "sha512-6FlzubTLZG3J2a/NVCAleEhjzq5oxgHyaCU9yYXvcLsvoVaHJq/s5xXI6/XXP6tz7R9xAOtHnSO/tXtF3WRTlA=="],

    "mustache": ["mustache@4.2.0", "https://artifacts.ea.com/artifactory/api/npm/registry-npm-remote/mustache/-/mustache-4.2.0.tgz", { "bin": { "mustache": "bin/mustache" } }, "sha512-71ippSywq5Yb7/tVYyGbkBggbU8H3u5Rz56fH60jGFgr8uHwxs+aSKeqmluIVzM0m0kB7xQjKS6qPfd0b2ZoqQ=="],

    "node-fetch": ["node-fetch@2.7.0", "https://artifacts.ea.com/artifactory/api/npm/registry-npm-remote/node-fetch/-/node-fetch-2.7.0.tgz", { "dependencies": { "whatwg-url": "^5.0.0" }, "peerDependencies": { "encoding": "^0.1.0" }, "optionalPeers": ["encoding"] }, "sha512-c4FRfUm/dbcWZ7U+1Wq0AwCyFL+3nt2bEw05wfxSz+DWpWsitgmSgYmy2dQdWyKC1694ELPqMs/YzUSNozLt8A=="],

    "openai": ["openai@6.47.0", "https://artifacts.ea.com/artifactory/api/npm/registry-npm-remote/openai/-/openai-6.47.0.tgz", { "peerDependencies": { "@aws-sdk/credential-provider-node": ">=3.972.0 <4", "@smithy/hash-node": ">=4.3.0 <5", "@smithy/signature-v4": ">=5.4.0 <6", "ws": "^8.18.0", "zod": "^3.25 || ^4.0" }, "optionalPeers": ["@aws-sdk/credential-provider-node", "@smithy/hash-node", "@smithy/signature-v4", "ws", "zod"] }, "sha512-xYr+R9woSzWxVxeiqkkNbHhv89tZDEI6eBMbrdPnv3poh+mijHvbhS35a+3o6xHa411/ns8j5ENY3So9DCXWYw=="],

    "p-finally": ["p-finally@1.0.0", "https://artifacts.ea.com/artifactory/api/npm/registry-npm-remote/p-finally/-/p-finally-1.0.0.tgz", {}, "sha512-LICb2p9CB7FS+0eR1oqWnHhp0FljGLZCWBE9aix0Uye9W8LTQPwMTYVGWQWIw9RdQiDg4+epXQODwIYJtSJaow=="],

    "p-queue": ["p-queue@6.6.2", "https://artifacts.ea.com/artifactory/api/npm/registry-npm-remote/p-queue/-/p-queue-6.6.2.tgz", { "dependencies": { "eventemitter3": "^4.0.4", "p-timeout": "^3.2.0" } }, "sha512-RwFpb72c/BhQLEXIZ5K2e+AhgNVmIejGlTgiB9MzZ0e93GRvqZ7uSi0dvRF7/XIXDeNkra2fNHBxTyPDGySpjQ=="],

    "p-timeout": ["p-timeout@3.2.0", "https://artifacts.ea.com/artifactory/api/npm/registry-npm-remote/p-timeout/-/p-timeout-3.2.0.tgz", { "dependencies": { "p-finally": "^1.0.0" } }, "sha512-rhIwUycgwwKcP9yTOOFK/AKsAopjjCakVqLHePO3CC6Mir1Z99xT+R63jZxAT5lFZLa2inS5h+ZS2GvR99/FBg=="],

    "tr46": ["tr46@0.0.3", "https://artifacts.ea.com/artifactory/api/npm/registry-npm-remote/tr46/-/tr46-0.0.3.tgz", {}, "sha512-N3WMsuqV66lT30CrXNbEjx4GEwlow3v6rr4mCcv6prnfwhS01rkgyFdjPNBYd9br7LpXV1+Emh01fHnq2Gdgrw=="],

    "undici-types": ["undici-types@8.3.0", "https://artifacts.ea.com/artifactory/api/npm/registry-npm-remote/undici-types/-/undici-types-8.3.0.tgz", {}, "sha512-j375ScV60dom+YkPFIfTLcOiPxkN/buHz5GobjLhixFuANaNs3C9l4GmrWqejgXWJ7BbJcFYpTEUkS1Ge8bpZQ=="],

    "webidl-conversions": ["webidl-conversions@3.0.1", "https://artifacts.ea.com/artifactory/api/npm/registry-npm-remote/webidl-conversions/-/webidl-conversions-3.0.1.tgz", {}, "sha512-2JAn3z8AR6rjK8Sm8orRC0h/bcl/DqL7tRPdGZ4I1CjdF+EaMLmYxBHyXuKL849eucPFhvBoxMsflfOb8kxaeQ=="],

    "whatwg-url": ["whatwg-url@5.0.0", "https://artifacts.ea.com/artifactory/api/npm/registry-npm-remote/whatwg-url/-/whatwg-url-5.0.0.tgz", { "dependencies": { "tr46": "~0.0.3", "webidl-conversions": "^3.0.0" } }, "sha512-saE57nupxk6v3HY35+jzBwYa0rKSy0XR8JSxZPwgLr7ys0IBzhGviA1/TUGJLmSVqs8pb9AnvICXEuOHLprYTw=="],

    "zod": ["zod@4.4.3", "https://artifacts.ea.com/artifactory/api/npm/registry-npm-remote/zod/-/zod-4.4.3.tgz", {}, "sha512-ytENFjIJFl2UwYglde2jchW2Hwm4GJFLDiSXWdTrJQBIN9Fcyp7n4DhxJEiWNAJMV1/BqWfW/kkg71UDcHJyTQ=="],
  }
}
